
Microsoft Visual Studio Solution File, Format Version 12.00
# Visual Studio Version 16
VisualStudioVersion = 16.0.29009.5
MinimumVisualStudioVersion = 10.0.40219.1
Project("{9A19103F-16F7-4668-BE54-9A1E7A4F7556}") = "StateNet", "StateNet\StateNet.csproj", "{E77792B2-6683-4F76-95FB-3AA79F0BF1A8}"
EndProject
Project("{9A19103F-16F7-4668-BE54-9A1E7A4F7556}") = "StateNetTests", "StateNetTests\StateNetTests.csproj", "{EA51A87B-A5C9-4C4D-BA7F-6BBCBED52C1E}"
EndProject
Project("{2150E333-8FDC-42A3-9474-1A3956D46DE8}") = "Demos", "Demos", "{6EEAF0C5-2FE0-4B49-955D-00E8204C57E9}"
EndProject
Project("{FAE04EC0-301F-11D3-BF4B-00C04F79EFBC}") = "WPFDemo", "WPFDemo\WPFDemo.csproj", "{841DFBF2-9A11-4D26-AC91-8E5A1401B06E}"
EndProject
Global
	GlobalSection(SolutionConfigurationPlatforms) = preSolution
		Debug|Any CPU = Debug|Any CPU
		Release|Any CPU = Release|Any CPU
	EndGlobalSection
	GlobalSection(ProjectConfigurationPlatforms) = postSolution
		{E77792B2-6683-4F76-95FB-3AA79F0BF1A8}.Debug|Any CPU.ActiveCfg = Debug|Any CPU
		{E77792B2-6683-4F76-95FB-3AA79F0BF1A8}.Debug|Any CPU.Build.0 = Debug|Any CPU
		{E77792B2-6683-4F76-95FB-3AA79F0BF1A8}.Release|Any CPU.ActiveCfg = Release|Any CPU
		{E77792B2-6683-4F76-95FB-3AA79F0BF1A8}.Release|Any CPU.Build.0 = Release|Any CPU
		{EA51A87B-A5C9-4C4D-BA7F-6BBCBED52C1E}.Debug|Any CPU.ActiveCfg = Debug|Any CPU
		{EA51A87B-A5C9-4C4D-BA7F-6BBCBED52C1E}.Debug|Any CPU.Build.0 = Debug|Any CPU
		{EA51A87B-A5C9-4C4D-BA7F-6BBCBED52C1E}.Release|Any CPU.ActiveCfg = Release|Any CPU
		{EA51A87B-A5C9-4C4D-BA7F-6BBCBED52C1E}.Release|Any CPU.Build.0 = Release|Any CPU
		{841DFBF2-9A11-4D26-AC91-8E5A1401B06E}.Debug|Any CPU.ActiveCfg = Debug|Any CPU
		{841DFBF2-9A11-4D26-AC91-8E5A1401B06E}.Debug|Any CPU.Build.0 = Debug|Any CPU
		{841DFBF2-9A11-4D26-AC91-8E5A1401B06E}.Release|Any CPU.ActiveCfg = Release|Any CPU
		{841DFBF2-9A11-4D26-AC91-8E5A1401B06E}.Release|Any CPU.Build.0 = Release|Any CPU
	EndGlobalSection
	GlobalSection(SolutionProperties) = preSolution
		HideSolutionNode = FALSE
	EndGlobalSection
	GlobalSection(NestedProjects) = preSolution
		{841DFBF2-9A11-4D26-AC91-8E5A1401B06E} = {6EEAF0C5-2FE0-4B49-955D-00E8204C57E9}
	EndGlobalSection
	GlobalSection(ExtensibilityGlobals) = postSolution
		SolutionGuid = {BB33CEE6-5D6E-4C2E-A020-433C5B26A297}
	EndGlobalSection
EndGlobal
