
Microsoft Visual Studio Solution File, Format Version 12.00
# Visual Studio Version 16
VisualStudioVersion = 16.0.29009.5
MinimumVisualStudioVersion = 10.0.40219.1
Project("{9A19103F-16F7-4668-BE54-9A1E7A4F7556}") = "StateNet", "StateNet\StateNet.csproj", "{E77792B2-6683-4F76-95FB-3AA79F0BF1A8}"
EndProject
Project("{9A19103F-16F7-4668-BE54-9A1E7A4F7556}") = "StateNetTests", "StateNetTests\StateNetTests.csproj", "{EA51A87B-A5C9-4C4D-BA7F-6BBCBED52C1E}"
EndProject
Project("{2150E333-8FDC-42A3-9474-1A3956D46DE8}") = "Tools", "Tools", "{F2F08E3E-0CA4-4740-B242-0911B6B202A9}"
EndProject
Project("{FAE04EC0-301F-11D3-BF4B-00C04F79EFBC}") = "NetworkCreationTool", "NetworkCreationTool\NetworkCreationTool.csproj", "{D4D34728-8E06-45E2-809D-A5EEB67522CE}"
EndProject
Global
	GlobalSection(SolutionConfigurationPlatforms) = preSolution
		Debug|Any CPU = Debug|Any CPU
		Release|Any CPU = Release|Any CPU
	EndGlobalSection
	GlobalSection(ProjectConfigurationPlatforms) = postSolution
		{E77792B2-6683-4F76-95FB-3AA79F0BF1A8}.Debug|Any CPU.ActiveCfg = Debug|Any CPU
		{E77792B2-6683-4F76-95FB-3AA79F0BF1A8}.Debug|Any CPU.Build.0 = Debug|Any CPU
		{E77792B2-6683-4F76-95FB-3AA79F0BF1A8}.Release|Any CPU.ActiveCfg = Release|Any CPU
		{E77792B2-6683-4F76-95FB-3AA79F0BF1A8}.Release|Any CPU.Build.0 = Release|Any CPU
		{EA51A87B-A5C9-4C4D-BA7F-6BBCBED52C1E}.Debug|Any CPU.ActiveCfg = Debug|Any CPU
		{EA51A87B-A5C9-4C4D-BA7F-6BBCBED52C1E}.Debug|Any CPU.Build.0 = Debug|Any CPU
		{EA51A87B-A5C9-4C4D-BA7F-6BBCBED52C1E}.Release|Any CPU.ActiveCfg = Release|Any CPU
		{EA51A87B-A5C9-4C4D-BA7F-6BBCBED52C1E}.Release|Any CPU.Build.0 = Release|Any CPU
		{D4D34728-8E06-45E2-809D-A5EEB67522CE}.Debug|Any CPU.ActiveCfg = Debug|Any CPU
		{D4D34728-8E06-45E2-809D-A5EEB67522CE}.Debug|Any CPU.Build.0 = Debug|Any CPU
		{D4D34728-8E06-45E2-809D-A5EEB67522CE}.Release|Any CPU.ActiveCfg = Release|Any CPU
		{D4D34728-8E06-45E2-809D-A5EEB67522CE}.Release|Any CPU.Build.0 = Release|Any CPU
	EndGlobalSection
	GlobalSection(SolutionProperties) = preSolution
		HideSolutionNode = FALSE
	EndGlobalSection
	GlobalSection(NestedProjects) = preSolution
		{D4D34728-8E06-45E2-809D-A5EEB67522CE} = {F2F08E3E-0CA4-4740-B242-0911B6B202A9}
	EndGlobalSection
	GlobalSection(ExtensibilityGlobals) = postSolution
		SolutionGuid = {BB33CEE6-5D6E-4C2E-A020-433C5B26A297}
	EndGlobalSection
EndGlobal
